# THIS IS AN AUTOGENERATED FILE. DO NOT EDIT THIS FILE DIRECTLY.
# yarn lockfile v1


heic2any@^0.0.4:
  version "0.0.4"
  resolved "https://registry.yarnpkg.com/heic2any/-/heic2any-0.0.4.tgz#eddb8e6fec53c8583a6e18b65069bb5e8d19028a"
  integrity sha512-3lLnZiDELfabVH87htnRolZ2iehX9zwpRyGNz22GKXIu0fznlblf0/ftppXKNqS26dqFSeqfIBhAmAj/uSp0cA==
